
Microsoft Visual Studio Solution File, Format Version 12.00
# Visual Studio Version 17
VisualStudioVersion = 17.0.31903.59
MinimumVisualStudioVersion = 10.0.40219.1
Project("{2150E333-8FDC-42A3-9474-1A3956D46DE8}") = "src", "src", "{56B9D2CB-4561-4DD0-B051-6DBAA96575BE}"
EndProject
Project("{FAE04EC0-301F-11D3-BF4B-00C04F79EFBC}") = "GmKitchenOrderFlow.Domain", "src\GmKitchenOrderFlow.Domain\GmKitchenOrderFlow.Domain.csproj", "{C10458AE-6E71-4AC1-9057-ECAC28C3A6DF}"
EndProject
Project("{FAE04EC0-301F-11D3-BF4B-00C04F79EFBC}") = "GmKitchenOrderFlow.DAL", "src\GmKitchenOrderFlow.DAL\GmKitchenOrderFlow.DAL.csproj", "{9FE655E4-A31C-4066-AE11-8654CF7DF171}"
EndProject
Project("{FAE04EC0-301F-11D3-BF4B-00C04F79EFBC}") = "gmkitchenorderflow.ioc", "src\GmKitchenOrderFlow.Ioc\gmkitchenorderflow.ioc.csproj", "{470EECFD-F767-41C6-8BBD-33649C722E63}"
EndProject
Project("{FAE04EC0-301F-11D3-BF4B-00C04F79EFBC}") = "gmkitchenorderflow.application", "src\gmkitchenorderflow.application\gmkitchenorderflow.application.csproj", "{C40DAC28-B6EA-43B7-9E09-190DCE8E2C5A}"
EndProject
Project("{FAE04EC0-301F-11D3-BF4B-00C04F79EFBC}") = "gmkitchenorderflow.webapi", "src\gmkitchenorderflow.webapi\gmkitchenorderflow.webapi.csproj", "{D554BAB5-6DBB-4D3B-ACC1-27CB3F657A59}"
EndProject
Global
	GlobalSection(SolutionConfigurationPlatforms) = preSolution
		Debug|Any CPU = Debug|Any CPU
		Release|Any CPU = Release|Any CPU
	EndGlobalSection
	GlobalSection(SolutionProperties) = preSolution
		HideSolutionNode = FALSE
	EndGlobalSection
	GlobalSection(ProjectConfigurationPlatforms) = postSolution
		{C10458AE-6E71-4AC1-9057-ECAC28C3A6DF}.Debug|Any CPU.ActiveCfg = Debug|Any CPU
		{C10458AE-6E71-4AC1-9057-ECAC28C3A6DF}.Debug|Any CPU.Build.0 = Debug|Any CPU
		{C10458AE-6E71-4AC1-9057-ECAC28C3A6DF}.Release|Any CPU.ActiveCfg = Release|Any CPU
		{C10458AE-6E71-4AC1-9057-ECAC28C3A6DF}.Release|Any CPU.Build.0 = Release|Any CPU
		{9FE655E4-A31C-4066-AE11-8654CF7DF171}.Debug|Any CPU.ActiveCfg = Debug|Any CPU
		{9FE655E4-A31C-4066-AE11-8654CF7DF171}.Debug|Any CPU.Build.0 = Debug|Any CPU
		{9FE655E4-A31C-4066-AE11-8654CF7DF171}.Release|Any CPU.ActiveCfg = Release|Any CPU
		{9FE655E4-A31C-4066-AE11-8654CF7DF171}.Release|Any CPU.Build.0 = Release|Any CPU
		{470EECFD-F767-41C6-8BBD-33649C722E63}.Debug|Any CPU.ActiveCfg = Debug|Any CPU
		{470EECFD-F767-41C6-8BBD-33649C722E63}.Debug|Any CPU.Build.0 = Debug|Any CPU
		{470EECFD-F767-41C6-8BBD-33649C722E63}.Release|Any CPU.ActiveCfg = Release|Any CPU
		{470EECFD-F767-41C6-8BBD-33649C722E63}.Release|Any CPU.Build.0 = Release|Any CPU
		{C40DAC28-B6EA-43B7-9E09-190DCE8E2C5A}.Debug|Any CPU.ActiveCfg = Debug|Any CPU
		{C40DAC28-B6EA-43B7-9E09-190DCE8E2C5A}.Debug|Any CPU.Build.0 = Debug|Any CPU
		{C40DAC28-B6EA-43B7-9E09-190DCE8E2C5A}.Release|Any CPU.ActiveCfg = Release|Any CPU
		{C40DAC28-B6EA-43B7-9E09-190DCE8E2C5A}.Release|Any CPU.Build.0 = Release|Any CPU
		{D554BAB5-6DBB-4D3B-ACC1-27CB3F657A59}.Debug|Any CPU.ActiveCfg = Debug|Any CPU
		{D554BAB5-6DBB-4D3B-ACC1-27CB3F657A59}.Debug|Any CPU.Build.0 = Debug|Any CPU
		{D554BAB5-6DBB-4D3B-ACC1-27CB3F657A59}.Release|Any CPU.ActiveCfg = Release|Any CPU
		{D554BAB5-6DBB-4D3B-ACC1-27CB3F657A59}.Release|Any CPU.Build.0 = Release|Any CPU
	EndGlobalSection
	GlobalSection(NestedProjects) = preSolution
		{C10458AE-6E71-4AC1-9057-ECAC28C3A6DF} = {56B9D2CB-4561-4DD0-B051-6DBAA96575BE}
		{9FE655E4-A31C-4066-AE11-8654CF7DF171} = {56B9D2CB-4561-4DD0-B051-6DBAA96575BE}
		{470EECFD-F767-41C6-8BBD-33649C722E63} = {56B9D2CB-4561-4DD0-B051-6DBAA96575BE}
		{C40DAC28-B6EA-43B7-9E09-190DCE8E2C5A} = {56B9D2CB-4561-4DD0-B051-6DBAA96575BE}
		{D554BAB5-6DBB-4D3B-ACC1-27CB3F657A59} = {56B9D2CB-4561-4DD0-B051-6DBAA96575BE}
	EndGlobalSection
EndGlobal
